
Microsoft Visual Studio Solution File, Format Version 12.00
# Visual Studio 15
VisualStudioVersion = 15.0.27004.2002
MinimumVisualStudioVersion = 10.0.40219.1
Project("{8BC9CEB8-8B4A-11D0-8D11-00A0C91BC942}") = "XMLProject", "XMLProject\XMLProject.vcxproj", "{EBCE0B56-4709-4565-95A8-E6EECAB962BF}"
EndProject
Project("{8BC9CEB8-8B4A-11D0-8D11-00A0C91BC942}") = "BigIntegerTests", "BigIntegerTests\BigIntegerTests.vcxproj", "{F1DEE8B8-8CCF-4951-A136-E9F8ADAADEA2}"
EndProject
Project("{8BC9CEB8-8B4A-11D0-8D11-00A0C91BC942}") = "IntervalTests", "IntervalTests\IntervalTests.vcxproj", "{8CFDC12A-99EB-4F51-B917-548DA68E7DE9}"
EndProject
Global
	GlobalSection(SolutionConfigurationPlatforms) = preSolution
		Debug|x64 = Debug|x64
		Debug|x86 = Debug|x86
		Release|x64 = Release|x64
		Release|x86 = Release|x86
	EndGlobalSection
	GlobalSection(ProjectConfigurationPlatforms) = postSolution
		{EBCE0B56-4709-4565-95A8-E6EECAB962BF}.Debug|x64.ActiveCfg = Debug|x64
		{EBCE0B56-4709-4565-95A8-E6EECAB962BF}.Debug|x64.Build.0 = Debug|x64
		{EBCE0B56-4709-4565-95A8-E6EECAB962BF}.Debug|x86.ActiveCfg = Debug|Win32
		{EBCE0B56-4709-4565-95A8-E6EECAB962BF}.Debug|x86.Build.0 = Debug|Win32
		{EBCE0B56-4709-4565-95A8-E6EECAB962BF}.Release|x64.ActiveCfg = Release|x64
		{EBCE0B56-4709-4565-95A8-E6EECAB962BF}.Release|x64.Build.0 = Release|x64
		{EBCE0B56-4709-4565-95A8-E6EECAB962BF}.Release|x86.ActiveCfg = Release|Win32
		{EBCE0B56-4709-4565-95A8-E6EECAB962BF}.Release|x86.Build.0 = Release|Win32
		{F1DEE8B8-8CCF-4951-A136-E9F8ADAADEA2}.Debug|x64.ActiveCfg = Debug|x64
		{F1DEE8B8-8CCF-4951-A136-E9F8ADAADEA2}.Debug|x64.Build.0 = Debug|x64
		{F1DEE8B8-8CCF-4951-A136-E9F8ADAADEA2}.Debug|x86.ActiveCfg = Debug|Win32
		{F1DEE8B8-8CCF-4951-A136-E9F8ADAADEA2}.Debug|x86.Build.0 = Debug|Win32
		{F1DEE8B8-8CCF-4951-A136-E9F8ADAADEA2}.Release|x64.ActiveCfg = Release|x64
		{F1DEE8B8-8CCF-4951-A136-E9F8ADAADEA2}.Release|x64.Build.0 = Release|x64
		{F1DEE8B8-8CCF-4951-A136-E9F8ADAADEA2}.Release|x86.ActiveCfg = Release|Win32
		{F1DEE8B8-8CCF-4951-A136-E9F8ADAADEA2}.Release|x86.Build.0 = Release|Win32
		{8CFDC12A-99EB-4F51-B917-548DA68E7DE9}.Debug|x64.ActiveCfg = Debug|x64
		{8CFDC12A-99EB-4F51-B917-548DA68E7DE9}.Debug|x64.Build.0 = Debug|x64
		{8CFDC12A-99EB-4F51-B917-548DA68E7DE9}.Debug|x86.ActiveCfg = Debug|Win32
		{8CFDC12A-99EB-4F51-B917-548DA68E7DE9}.Debug|x86.Build.0 = Debug|Win32
		{8CFDC12A-99EB-4F51-B917-548DA68E7DE9}.Release|x64.ActiveCfg = Release|x64
		{8CFDC12A-99EB-4F51-B917-548DA68E7DE9}.Release|x64.Build.0 = Release|x64
		{8CFDC12A-99EB-4F51-B917-548DA68E7DE9}.Release|x86.ActiveCfg = Release|Win32
		{8CFDC12A-99EB-4F51-B917-548DA68E7DE9}.Release|x86.Build.0 = Release|Win32
	EndGlobalSection
	GlobalSection(SolutionProperties) = preSolution
		HideSolutionNode = FALSE
	EndGlobalSection
	GlobalSection(ExtensibilityGlobals) = postSolution
		SolutionGuid = {5E5A4335-7A83-4B41-8040-BD422AC5EF11}
	EndGlobalSection
EndGlobal
